
Microsoft Visual Studio Solution File, Format Version 12.00
# Visual Studio 15
VisualStudioVersion = 15.0.27130.0
MinimumVisualStudioVersion = 10.0.40219.1
Project("{FAE04EC0-301F-11D3-BF4B-00C04F79EFBC}") = "Trailhead", "Trailhead\Trailhead.csproj", "{71707CC7-BC34-477A-B894-E4EF83F661C5}"
EndProject
Global
	GlobalSection(SolutionConfigurationPlatforms) = preSolution
		Debug|Any CPU = Debug|Any CPU
		Release|Any CPU = Release|Any CPU
	EndGlobalSection
	GlobalSection(ProjectConfigurationPlatforms) = postSolution
		{71707CC7-BC34-477A-B894-E4EF83F661C5}.Debug|Any CPU.ActiveCfg = Debug|Any CPU
		{71707CC7-BC34-477A-B894-E4EF83F661C5}.Debug|Any CPU.Build.0 = Debug|Any CPU
		{71707CC7-BC34-477A-B894-E4EF83F661C5}.Release|Any CPU.ActiveCfg = Release|Any CPU
		{71707CC7-BC34-477A-B894-E4EF83F661C5}.Release|Any CPU.Build.0 = Release|Any CPU
	EndGlobalSection
	GlobalSection(SolutionProperties) = preSolution
		HideSolutionNode = FALSE
	EndGlobalSection
	GlobalSection(ExtensibilityGlobals) = postSolution
		SolutionGuid = {7DC483DC-996A-4D3F-8A2A-CA46B344A35A}
	EndGlobalSection
EndGlobal
